
Microsoft Visual Studio Solution File, Format Version 12.00
# Visual Studio Version 17
VisualStudioVersion = 17.4.33110.190
MinimumVisualStudioVersion = 10.0.40219.1
Project("{FAE04EC0-301F-11D3-BF4B-00C04F79EFBC}") = "ConsoleApp1", "ConsoleApp1\ConsoleApp1.csproj", "{FAD060C5-162D-4823-98C9-FB69845981CA}"
EndProject
Global
	GlobalSection(SolutionConfigurationPlatforms) = preSolution
		Debug|Any CPU = Debug|Any CPU
		Release|Any CPU = Release|Any CPU
	EndGlobalSection
	GlobalSection(ProjectConfigurationPlatforms) = postSolution
		{FAD060C5-162D-4823-98C9-FB69845981CA}.Debug|Any CPU.ActiveCfg = Debug|Any CPU
		{FAD060C5-162D-4823-98C9-FB69845981CA}.Debug|Any CPU.Build.0 = Debug|Any CPU
		{FAD060C5-162D-4823-98C9-FB69845981CA}.Release|Any CPU.ActiveCfg = Release|Any CPU
		{FAD060C5-162D-4823-98C9-FB69845981CA}.Release|Any CPU.Build.0 = Release|Any CPU
	EndGlobalSection
	GlobalSection(SolutionProperties) = preSolution
		HideSolutionNode = FALSE
	EndGlobalSection
	GlobalSection(ExtensibilityGlobals) = postSolution
		SolutionGuid = {5CFD5529-E070-4899-A1E1-1BEB1B1C860E}
	EndGlobalSection
EndGlobal
